// !$*UTF8*$!
{
	archiveVersion = 1;
	classes = {
	};
	objectVersion = 52;
	objects = {

/* Begin PBXBuildFile section */
		5D89E2B1315CD109200670B9 /* Pods_StoreApp.framework in Frameworks */ = {isa = PBXBuildFile; fileRef = 53C6C83615DE26B510D9CACF /* Pods_StoreApp.framework */; };
		793C6F582539FE6200EDA24E /* FirebaseService.swift in Sources */ = {isa = PBXBuildFile; fileRef = 793C6F572539FE6200EDA24E /* FirebaseService.swift */; };
		793C6F5C2539FFBD00EDA24E /* GoogleService-Info.plist in Resources */ = {isa = PBXBuildFile; fileRef = 793C6F5B2539FFBD00EDA24E /* GoogleService-Info.plist */; };
		793C6F6D253A018700EDA24E /* LoginViewController.swift in Sources */ = {isa = PBXBuildFile; fileRef = 793C6F6C253A018700EDA24E /* LoginViewController.swift */; };
		793C6F71253A01A100EDA24E /* LoginView.swift in Sources */ = {isa = PBXBuildFile; fileRef = 793C6F70253A01A100EDA24E /* LoginView.swift */; };
		79E31B68252786DD0035242E /* AppDelegate.swift in Sources */ = {isa = PBXBuildFile; fileRef = 79E31B67252786DD0035242E /* AppDelegate.swift */; };
		79E31B6A252786DD0035242E /* SceneDelegate.swift in Sources */ = {isa = PBXBuildFile; fileRef = 79E31B69252786DD0035242E /* SceneDelegate.swift */; };
		79E31B6C252786DD0035242E /* MainViewController.swift in Sources */ = {isa = PBXBuildFile; fileRef = 79E31B6B252786DD0035242E /* MainViewController.swift */; };
		79E31B72252786DD0035242E /* StoreApp.xcdatamodeld in Sources */ = {isa = PBXBuildFile; fileRef = 79E31B70252786DD0035242E /* StoreApp.xcdatamodeld */; };
		79E31B74252786E00035242E /* Assets.xcassets in Resources */ = {isa = PBXBuildFile; fileRef = 79E31B73252786E00035242E /* Assets.xcassets */; };
		79E31B77252786E00035242E /* LaunchScreen.storyboard in Resources */ = {isa = PBXBuildFile; fileRef = 79E31B75252786E00035242E /* LaunchScreen.storyboard */; };
		79E31B82252787830035242E /* MainView.swift in Sources */ = {isa = PBXBuildFile; fileRef = 79E31B81252787830035242E /* MainView.swift */; };
		79E31B8A25278B1B0035242E /* SwiftKeychainWrapper in Frameworks */ = {isa = PBXBuildFile; productRef = 79E31B8925278B1B0035242E /* SwiftKeychainWrapper */; };
		79E31B8E25278E8D0035242E /* Human+CoreDataClass.swift in Sources */ = {isa = PBXBuildFile; fileRef = 79E31B8C25278E8D0035242E /* Human+CoreDataClass.swift */; };
		79E31B8F25278E8D0035242E /* Human+CoreDataProperties.swift in Sources */ = {isa = PBXBuildFile; fileRef = 79E31B8D25278E8D0035242E /* Human+CoreDataProperties.swift */; };
		79E31B94252792810035242E /* CoreDataStack.swift in Sources */ = {isa = PBXBuildFile; fileRef = 79E31B93252792810035242E /* CoreDataStack.swift */; };
		79F5342E2530C5E20094C0FC /* CoreDataSaveService.swift in Sources */ = {isa = PBXBuildFile; fileRef = 79F5342C2530C5E20094C0FC /* CoreDataSaveService.swift */; };
		79F5342F2530C5E20094C0FC /* RealmsaveService.swift in Sources */ = {isa = PBXBuildFile; fileRef = 79F5342D2530C5E20094C0FC /* RealmsaveService.swift */; };
		79F534622534B7390094C0FC /* RealmObjects.swift in Sources */ = {isa = PBXBuildFile; fileRef = 79F534612534B7390094C0FC /* RealmObjects.swift */; };
/* End PBXBuildFile section */

/* Begin PBXFileReference section */
		3393078902BF396384D79027 /* Pods-StoreApp.debug.xcconfig */ = {isa = PBXFileReference; includeInIndex = 1; lastKnownFileType = text.xcconfig; name = "Pods-StoreApp.debug.xcconfig"; path = "Target Support Files/Pods-StoreApp/Pods-StoreApp.debug.xcconfig"; sourceTree = "<group>"; };
		53C6C83615DE26B510D9CACF /* Pods_StoreApp.framework */ = {isa = PBXFileReference; explicitFileType = wrapper.framework; includeInIndex = 0; path = Pods_StoreApp.framework; sourceTree = BUILT_PRODUCTS_DIR; };
		793C6F572539FE6200EDA24E /* FirebaseService.swift */ = {isa = PBXFileReference; lastKnownFileType = sourcecode.swift; path = FirebaseService.swift; sourceTree = "<group>"; };
		793C6F5B2539FFBD00EDA24E /* GoogleService-Info.plist */ = {isa = PBXFileReference; fileEncoding = 4; lastKnownFileType = text.plist.xml; path = "GoogleService-Info.plist"; sourceTree = "<group>"; };
		793C6F6C253A018700EDA24E /* LoginViewController.swift */ = {isa = PBXFileReference; lastKnownFileType = sourcecode.swift; path = LoginViewController.swift; sourceTree = "<group>"; };
		793C6F70253A01A100EDA24E /* LoginView.swift */ = {isa = PBXFileReference; lastKnownFileType = sourcecode.swift; path = LoginView.swift; sourceTree = "<group>"; };
		79E31B64252786DD0035242E /* StoreApp.app */ = {isa = PBXFileReference; explicitFileType = wrapper.application; includeInIndex = 0; path = StoreApp.app; sourceTree = BUILT_PRODUCTS_DIR; };
		79E31B67252786DD0035242E /* AppDelegate.swift */ = {isa = PBXFileReference; lastKnownFileType = sourcecode.swift; path = AppDelegate.swift; sourceTree = "<group>"; };
		79E31B69252786DD0035242E /* SceneDelegate.swift */ = {isa = PBXFileReference; lastKnownFileType = sourcecode.swift; path = SceneDelegate.swift; sourceTree = "<group>"; };
		79E31B6B252786DD0035242E /* MainViewController.swift */ = {isa = PBXFileReference; lastKnownFileType = sourcecode.swift; path = MainViewController.swift; sourceTree = "<group>"; };
		79E31B71252786DD0035242E /* StoreApp.xcdatamodel */ = {isa = PBXFileReference; lastKnownFileType = wrapper.xcdatamodel; path = StoreApp.xcdatamodel; sourceTree = "<group>"; };
		79E31B73252786E00035242E /* Assets.xcassets */ = {isa = PBXFileReference; lastKnownFileType = folder.assetcatalog; path = Assets.xcassets; sourceTree = "<group>"; };
		79E31B76252786E00035242E /* Base */ = {isa = PBXFileReference; lastKnownFileType = file.storyboard; name = Base; path = Base.lproj/LaunchScreen.storyboard; sourceTree = "<group>"; };
		79E31B78252786E00035242E /* Info.plist */ = {isa = PBXFileReference; lastKnownFileType = text.plist.xml; path = Info.plist; sourceTree = "<group>"; };
		79E31B81252787830035242E /* MainView.swift */ = {isa = PBXFileReference; lastKnownFileType = sourcecode.swift; path = MainView.swift; sourceTree = "<group>"; };
		79E31B8C25278E8D0035242E /* Human+CoreDataClass.swift */ = {isa = PBXFileReference; lastKnownFileType = sourcecode.swift; path = "Human+CoreDataClass.swift"; sourceTree = "<group>"; };
		79E31B8D25278E8D0035242E /* Human+CoreDataProperties.swift */ = {isa = PBXFileReference; lastKnownFileType = sourcecode.swift; path = "Human+CoreDataProperties.swift"; sourceTree = "<group>"; };
		79E31B93252792810035242E /* CoreDataStack.swift */ = {isa = PBXFileReference; lastKnownFileType = sourcecode.swift; path = CoreDataStack.swift; sourceTree = "<group>"; };
		79F5342C2530C5E20094C0FC /* CoreDataSaveService.swift */ = {isa = PBXFileReference; fileEncoding = 4; lastKnownFileType = sourcecode.swift; path = CoreDataSaveService.swift; sourceTree = "<group>"; };
		79F5342D2530C5E20094C0FC /* RealmsaveService.swift */ = {isa = PBXFileReference; fileEncoding = 4; lastKnownFileType = sourcecode.swift; path = RealmsaveService.swift; sourceTree = "<group>"; };
		79F534612534B7390094C0FC /* RealmObjects.swift */ = {isa = PBXFileReference; lastKnownFileType = sourcecode.swift; path = RealmObjects.swift; sourceTree = "<group>"; };
		8AB5A2F8D73CD529E65E92CF /* Pods-StoreApp.release.xcconfig */ = {isa = PBXFileReference; includeInIndex = 1; lastKnownFileType = text.xcconfig; name = "Pods-StoreApp.release.xcconfig"; path = "Target Support Files/Pods-StoreApp/Pods-StoreApp.release.xcconfig"; sourceTree = "<group>"; };
/* End PBXFileReference section */

/* Begin PBXFrameworksBuildPhase section */
		79E31B61252786DD0035242E /* Frameworks */ = {
			isa = PBXFrameworksBuildPhase;
			buildActionMask = 2147483647;
			files = (
				79E31B8A25278B1B0035242E /* SwiftKeychainWrapper in Frameworks */,
				5D89E2B1315CD109200670B9 /* Pods_StoreApp.framework in Frameworks */,
			);
			runOnlyForDeploymentPostprocessing = 0;
		};
/* End PBXFrameworksBuildPhase section */

/* Begin PBXGroup section */
		2F3759F50BA8F229A3F85279 /* Frameworks */ = {
			isa = PBXGroup;
			children = (
				53C6C83615DE26B510D9CACF /* Pods_StoreApp.framework */,
			);
			name = Frameworks;
			sourceTree = "<group>";
		};
		793C6F4D2539FB9900EDA24E /* CoreData */ = {
			isa = PBXGroup;
			children = (
				79E31B9125278EDA0035242E /* objects */,
				79E31B93252792810035242E /* CoreDataStack.swift */,
				79F5342C2530C5E20094C0FC /* CoreDataSaveService.swift */,
			);
			path = CoreData;
			sourceTree = "<group>";
		};
		793C6F502539FBB300EDA24E /* Realm */ = {
			isa = PBXGroup;
			children = (
				79F534642534B7700094C0FC /* Objects */,
				79F5342D2530C5E20094C0FC /* RealmsaveService.swift */,
			);
			path = Realm;
			sourceTree = "<group>";
		};
		793C6F562539FDD600EDA24E /* Firebase */ = {
			isa = PBXGroup;
			children = (
				793C6F572539FE6200EDA24E /* FirebaseService.swift */,
			);
			path = Firebase;
			sourceTree = "<group>";
		};
		793C6F6B253A017300EDA24E /* Login */ = {
			isa = PBXGroup;
			children = (
				793C6F6C253A018700EDA24E /* LoginViewController.swift */,
				793C6F70253A01A100EDA24E /* LoginView.swift */,
			);
			path = Login;
			sourceTree = "<group>";
		};
		79E31B5B252786DD0035242E = {
			isa = PBXGroup;
			children = (
				79E31B66252786DD0035242E /* StoreApp */,
				79E31B65252786DD0035242E /* Products */,
				A4781F0117D4131835B87DF1 /* Pods */,
				2F3759F50BA8F229A3F85279 /* Frameworks */,
			);
			sourceTree = "<group>";
		};
		79E31B65252786DD0035242E /* Products */ = {
			isa = PBXGroup;
			children = (
				79E31B64252786DD0035242E /* StoreApp.app */,
			);
			name = Products;
			sourceTree = "<group>";
		};
		79E31B66252786DD0035242E /* StoreApp */ = {
			isa = PBXGroup;
			children = (
				793C6F5B2539FFBD00EDA24E /* GoogleService-Info.plist */,
				79F534312530C5E80094C0FC /* Services */,
				79F534342530C6090094C0FC /* Supported */,
				793C6F6B253A017300EDA24E /* Login */,
				79F534382530C62E0094C0FC /* Main */,
			);
			path = StoreApp;
			sourceTree = "<group>";
		};
		79E31B9125278EDA0035242E /* objects */ = {
			isa = PBXGroup;
			children = (
				79E31B8C25278E8D0035242E /* Human+CoreDataClass.swift */,
				79E31B8D25278E8D0035242E /* Human+CoreDataProperties.swift */,
			);
			path = objects;
			sourceTree = "<group>";
		};
		79F534312530C5E80094C0FC /* Services */ = {
			isa = PBXGroup;
			children = (
				793C6F562539FDD600EDA24E /* Firebase */,
				793C6F4D2539FB9900EDA24E /* CoreData */,
				793C6F502539FBB300EDA24E /* Realm */,
				79E31B70252786DD0035242E /* StoreApp.xcdatamodeld */,
			);
			path = Services;
			sourceTree = "<group>";
		};
		79F534342530C6090094C0FC /* Supported */ = {
			isa = PBXGroup;
			children = (
				79E31B67252786DD0035242E /* AppDelegate.swift */,
				79E31B69252786DD0035242E /* SceneDelegate.swift */,
				79E31B73252786E00035242E /* Assets.xcassets */,
				79E31B75252786E00035242E /* LaunchScreen.storyboard */,
				79E31B78252786E00035242E /* Info.plist */,
			);
			path = Supported;
			sourceTree = "<group>";
		};
		79F534382530C62E0094C0FC /* Main */ = {
			isa = PBXGroup;
			children = (
				79E31B6B252786DD0035242E /* MainViewController.swift */,
				79E31B81252787830035242E /* MainView.swift */,
			);
			path = Main;
			sourceTree = "<group>";
		};
		79F534642534B7700094C0FC /* Objects */ = {
			isa = PBXGroup;
			children = (
				79F534612534B7390094C0FC /* RealmObjects.swift */,
			);
			path = Objects;
			sourceTree = "<group>";
		};
		A4781F0117D4131835B87DF1 /* Pods */ = {
			isa = PBXGroup;
			children = (
				3393078902BF396384D79027 /* Pods-StoreApp.debug.xcconfig */,
				8AB5A2F8D73CD529E65E92CF /* Pods-StoreApp.release.xcconfig */,
			);
			path = Pods;
			sourceTree = "<group>";
		};
/* End PBXGroup section */

/* Begin PBXNativeTarget section */
		79E31B63252786DD0035242E /* StoreApp */ = {
			isa = PBXNativeTarget;
			buildConfigurationList = 79E31B7B252786E00035242E /* Build configuration list for PBXNativeTarget "StoreApp" */;
			buildPhases = (
				3948213911334BDAF49242C3 /* [CP] Check Pods Manifest.lock */,
				79E31B60252786DD0035242E /* Sources */,
				79E31B61252786DD0035242E /* Frameworks */,
				79E31B62252786DD0035242E /* Resources */,
				7CFF2B4793D2F22A42E22A84 /* [CP] Embed Pods Frameworks */,
			);
			buildRules = (
			);
			dependencies = (
			);
			name = StoreApp;
			packageProductDependencies = (
				79E31B8925278B1B0035242E /* SwiftKeychainWrapper */,
			);
			productName = StoreApp;
			productReference = 79E31B64252786DD0035242E /* StoreApp.app */;
			productType = "com.apple.product-type.application";
		};
/* End PBXNativeTarget section */

/* Begin PBXProject section */
		79E31B5C252786DD0035242E /* Project object */ = {
			isa = PBXProject;
			attributes = {
				LastSwiftUpdateCheck = 1200;
				LastUpgradeCheck = 1200;
				TargetAttributes = {
					79E31B63252786DD0035242E = {
						CreatedOnToolsVersion = 12.0;
					};
				};
			};
			buildConfigurationList = 79E31B5F252786DD0035242E /* Build configuration list for PBXProject "StoreApp" */;
			compatibilityVersion = "Xcode 9.3";
			developmentRegion = en;
			hasScannedForEncodings = 0;
			knownRegions = (
				en,
				Base,
			);
			mainGroup = 79E31B5B252786DD0035242E;
			packageReferences = (
				79E31B8825278B1B0035242E /* XCRemoteSwiftPackageReference "SwiftKeychainWrapper" */,
			);
			productRefGroup = 79E31B65252786DD0035242E /* Products */;
			projectDirPath = "";
			projectRoot = "";
			targets = (
				79E31B63252786DD0035242E /* StoreApp */,
			);
		};
/* End PBXProject section */

/* Begin PBXResourcesBuildPhase section */
		79E31B62252786DD0035242E /* Resources */ = {
			isa = PBXResourcesBuildPhase;
			buildActionMask = 2147483647;
			files = (
				79E31B77252786E00035242E /* LaunchScreen.storyboard in Resources */,
				79E31B74252786E00035242E /* Assets.xcassets in Resources */,
				793C6F5C2539FFBD00EDA24E /* GoogleService-Info.plist in Resources */,
			);
			runOnlyForDeploymentPostprocessing = 0;
		};
/* End PBXResourcesBuildPhase section */

/* Begin PBXShellScriptBuildPhase section */
		3948213911334BDAF49242C3 /* [CP] Check Pods Manifest.lock */ = {
			isa = PBXShellScriptBuildPhase;
			buildActionMask = 2147483647;
			files = (
			);
			inputFileListPaths = (
			);
			inputPaths = (
				"${PODS_PODFILE_DIR_PATH}/Podfile.lock",
				"${PODS_ROOT}/Manifest.lock",
			);
			name = "[CP] Check Pods Manifest.lock";
			outputFileListPaths = (
			);
			outputPaths = (
				"$(DERIVED_FILE_DIR)/Pods-StoreApp-checkManifestLockResult.txt",
			);
			runOnlyForDeploymentPostprocessing = 0;
			shellPath = /bin/sh;
			shellScript = "diff \"${PODS_PODFILE_DIR_PATH}/Podfile.lock\" \"${PODS_ROOT}/Manifest.lock\" > /dev/null\nif [ $? != 0 ] ; then\n    # print error to STDERR\n    echo \"error: The sandbox is not in sync with the Podfile.lock. Run 'pod install' or update your CocoaPods installation.\" >&2\n    exit 1\nfi\n# This output is used by Xcode 'outputs' to avoid re-running this script phase.\necho \"SUCCESS\" > \"${SCRIPT_OUTPUT_FILE_0}\"\n";
			showEnvVarsInLog = 0;
		};
		7CFF2B4793D2F22A42E22A84 /* [CP] Embed Pods Frameworks */ = {
			isa = PBXShellScriptBuildPhase;
			buildActionMask = 2147483647;
			files = (
			);
			inputFileListPaths = (
				"${PODS_ROOT}/Target Support Files/Pods-StoreApp/Pods-StoreApp-frameworks-${CONFIGURATION}-input-files.xcfilelist",
			);
			name = "[CP] Embed Pods Frameworks";
			outputFileListPaths = (
				"${PODS_ROOT}/Target Support Files/Pods-StoreApp/Pods-StoreApp-frameworks-${CONFIGURATION}-output-files.xcfilelist",
			);
			runOnlyForDeploymentPostprocessing = 0;
			shellPath = /bin/sh;
			shellScript = "\"${PODS_ROOT}/Target Support Files/Pods-StoreApp/Pods-StoreApp-frameworks.sh\"\n";
			showEnvVarsInLog = 0;
		};
/* End PBXShellScriptBuildPhase section */

/* Begin PBXSourcesBuildPhase section */
		79E31B60252786DD0035242E /* Sources */ = {
			isa = PBXSourcesBuildPhase;
			buildActionMask = 2147483647;
			files = (
				79E31B6C252786DD0035242E /* MainViewController.swift in Sources */,
				79F534622534B7390094C0FC /* RealmObjects.swift in Sources */,
				79E31B68252786DD0035242E /* AppDelegate.swift in Sources */,
				79E31B94252792810035242E /* CoreDataStack.swift in Sources */,
				79E31B6A252786DD0035242E /* SceneDelegate.swift in Sources */,
				79F5342F2530C5E20094C0FC /* RealmsaveService.swift in Sources */,
				79F5342E2530C5E20094C0FC /* CoreDataSaveService.swift in Sources */,
				79E31B82252787830035242E /* MainView.swift in Sources */,
				793C6F71253A01A100EDA24E /* LoginView.swift in Sources */,
				79E31B8F25278E8D0035242E /* Human+CoreDataProperties.swift in Sources */,
				79E31B72252786DD0035242E /* StoreApp.xcdatamodeld in Sources */,
				793C6F582539FE6200EDA24E /* FirebaseService.swift in Sources */,
				793C6F6D253A018700EDA24E /* LoginViewController.swift in Sources */,
				79E31B8E25278E8D0035242E /* Human+CoreDataClass.swift in Sources */,
			);
			runOnlyForDeploymentPostprocessing = 0;
		};
/* End PBXSourcesBuildPhase section */

/* Begin PBXVariantGroup section */
		79E31B75252786E00035242E /* LaunchScreen.storyboard */ = {
			isa = PBXVariantGroup;
			children = (
				79E31B76252786E00035242E /* Base */,
			);
			name = LaunchScreen.storyboard;
			sourceTree = "<group>";
		};
/* End PBXVariantGroup section */

/* Begin XCBuildConfiguration section */
		79E31B79252786E00035242E /* Debug */ = {
			isa = XCBuildConfiguration;
			buildSettings = {
				ALWAYS_SEARCH_USER_PATHS = NO;
				CLANG_ANALYZER_NONNULL = YES;
				CLANG_ANALYZER_NUMBER_OBJECT_CONVERSION = YES_AGGRESSIVE;
				CLANG_CXX_LANGUAGE_STANDARD = "gnu++14";
				CLANG_CXX_LIBRARY = "libc++";
				CLANG_ENABLE_MODULES = YES;
				CLANG_ENABLE_OBJC_ARC = YES;
				CLANG_ENABLE_OBJC_WEAK = YES;
				CLANG_WARN_BLOCK_CAPTURE_AUTORELEASING = YES;
				CLANG_WARN_BOOL_CONVERSION = YES;
				CLANG_WARN_COMMA = YES;
				CLANG_WARN_CONSTANT_CONVERSION = YES;
				CLANG_WARN_DEPRECATED_OBJC_IMPLEMENTATIONS = YES;
				CLANG_WARN_DIRECT_OBJC_ISA_USAGE = YES_ERROR;
				CLANG_WARN_DOCUMENTATION_COMMENTS = YES;
				CLANG_WARN_EMPTY_BODY = YES;
				CLANG_WARN_ENUM_CONVERSION = YES;
				CLANG_WARN_INFINITE_RECURSION = YES;
				CLANG_WARN_INT_CONVERSION = YES;
				CLANG_WARN_NON_LITERAL_NULL_CONVERSION = YES;
				CLANG_WARN_OBJC_IMPLICIT_RETAIN_SELF = YES;
				CLANG_WARN_OBJC_LITERAL_CONVERSION = YES;
				CLANG_WARN_OBJC_ROOT_CLASS = YES_ERROR;
				CLANG_WARN_QUOTED_INCLUDE_IN_FRAMEWORK_HEADER = YES;
				CLANG_WARN_RANGE_LOOP_ANALYSIS = YES;
				CLANG_WARN_STRICT_PROTOTYPES = YES;
				CLANG_WARN_SUSPICIOUS_MOVE = YES;
				CLANG_WARN_UNGUARDED_AVAILABILITY = YES_AGGRESSIVE;
				CLANG_WARN_UNREACHABLE_CODE = YES;
				CLANG_WARN__DUPLICATE_METHOD_MATCH = YES;
				COPY_PHASE_STRIP = NO;
				DEBUG_INFORMATION_FORMAT = dwarf;
				ENABLE_STRICT_OBJC_MSGSEND = YES;
				ENABLE_TESTABILITY = YES;
				GCC_C_LANGUAGE_STANDARD = gnu11;
				GCC_DYNAMIC_NO_PIC = NO;
				GCC_NO_COMMON_BLOCKS = YES;
				GCC_OPTIMIZATION_LEVEL = 0;
				GCC_PREPROCESSOR_DEFINITIONS = (
					"DEBUG=1",
					"$(inherited)",
				);
				GCC_WARN_64_TO_32_BIT_CONVERSION = YES;
				GCC_WARN_ABOUT_RETURN_TYPE = YES_ERROR;
				GCC_WARN_UNDECLARED_SELECTOR = YES;
				GCC_WARN_UNINITIALIZED_AUTOS = YES_AGGRESSIVE;
				GCC_WARN_UNUSED_FUNCTION = YES;
				GCC_WARN_UNUSED_VARIABLE = YES;
				IPHONEOS_DEPLOYMENT_TARGET = 14.0;
				MTL_ENABLE_DEBUG_INFO = INCLUDE_SOURCE;
				MTL_FAST_MATH = YES;
				ONLY_ACTIVE_ARCH = YES;
				SDKROOT = iphoneos;
				SWIFT_ACTIVE_COMPILATION_CONDITIONS = DEBUG;
				SWIFT_OPTIMIZATION_LEVEL = "-Onone";
			};
			name = Debug;
		};
		79E31B7A252786E00035242E /* Release */ = {
			isa = XCBuildConfiguration;
			buildSettings = {
				ALWAYS_SEARCH_USER_PATHS = NO;
				CLANG_ANALYZER_NONNULL = YES;
				CLANG_ANALYZER_NUMBER_OBJECT_CONVERSION = YES_AGGRESSIVE;
				CLANG_CXX_LANGUAGE_STANDARD = "gnu++14";
				CLANG_CXX_LIBRARY = "libc++";
				CLANG_ENABLE_MODULES = YES;
				CLANG_ENABLE_OBJC_ARC = YES;
				CLANG_ENABLE_OBJC_WEAK = YES;
				CLANG_WARN_BLOCK_CAPTURE_AUTORELEASING = YES;
				CLANG_WARN_BOOL_CONVERSION = YES;
				CLANG_WARN_COMMA = YES;
				CLANG_WARN_CONSTANT_CONVERSION = YES;
				CLANG_WARN_DEPRECATED_OBJC_IMPLEMENTATIONS = YES;
				CLANG_WARN_DIRECT_OBJC_ISA_USAGE = YES_ERROR;
				CLANG_WARN_DOCUMENTATION_COMMENTS = YES;
				CLANG_WARN_EMPTY_BODY = YES;
				CLANG_WARN_ENUM_CONVERSION = YES;
				CLANG_WARN_INFINITE_RECURSION = YES;
				CLANG_WARN_INT_CONVERSION = YES;
				CLANG_WARN_NON_LITERAL_NULL_CONVERSION = YES;
				CLANG_WARN_OBJC_IMPLICIT_RETAIN_SELF = YES;
				CLANG_WARN_OBJC_LITERAL_CONVERSION = YES;
				CLANG_WARN_OBJC_ROOT_CLASS = YES_ERROR;
				CLANG_WARN_QUOTED_INCLUDE_IN_FRAMEWORK_HEADER = YES;
				CLANG_WARN_RANGE_LOOP_ANALYSIS = YES;
				CLANG_WARN_STRICT_PROTOTYPES = YES;
				CLANG_WARN_SUSPICIOUS_MOVE = YES;
				CLANG_WARN_UNGUARDED_AVAILABILITY = YES_AGGRESSIVE;
				CLANG_WARN_UNREACHABLE_CODE = YES;
				CLANG_WARN__DUPLICATE_METHOD_MATCH = YES;
				COPY_PHASE_STRIP = NO;
				DEBUG_INFORMATION_FORMAT = "dwarf-with-dsym";
				ENABLE_NS_ASSERTIONS = NO;
				ENABLE_STRICT_OBJC_MSGSEND = YES;
				GCC_C_LANGUAGE_STANDARD = gnu11;
				GCC_NO_COMMON_BLOCKS = YES;
				GCC_WARN_64_TO_32_BIT_CONVERSION = YES;
				GCC_WARN_ABOUT_RETURN_TYPE = YES_ERROR;
				GCC_WARN_UNDECLARED_SELECTOR = YES;
				GCC_WARN_UNINITIALIZED_AUTOS = YES_AGGRESSIVE;
				GCC_WARN_UNUSED_FUNCTION = YES;
				GCC_WARN_UNUSED_VARIABLE = YES;
				IPHONEOS_DEPLOYMENT_TARGET = 14.0;
				MTL_ENABLE_DEBUG_INFO = NO;
				MTL_FAST_MATH = YES;
				SDKROOT = iphoneos;
				SWIFT_COMPILATION_MODE = wholemodule;
				SWIFT_OPTIMIZATION_LEVEL = "-O";
				VALIDATE_PRODUCT = YES;
			};
			name = Release;
		};
		79E31B7C252786E00035242E /* Debug */ = {
			isa = XCBuildConfiguration;
			baseConfigurationReference = 3393078902BF396384D79027 /* Pods-StoreApp.debug.xcconfig */;
			buildSettings = {
				ASSETCATALOG_COMPILER_APPICON_NAME = AppIcon;
				ASSETCATALOG_COMPILER_GLOBAL_ACCENT_COLOR_NAME = AccentColor;
				CODE_SIGN_STYLE = Automatic;
				DEVELOPMENT_TEAM = 379294YDPQ;
				INFOPLIST_FILE = StoreApp/Supported/Info.plist;
				LD_RUNPATH_SEARCH_PATHS = (
					"$(inherited)",
					"@executable_path/Frameworks",
				);
				PRODUCT_BUNDLE_IDENTIFIER = com.lessons.pattern.StoreApp;
				PRODUCT_NAME = "$(TARGET_NAME)";
				SWIFT_VERSION = 5.0;
				TARGETED_DEVICE_FAMILY = "1,2";
			};
			name = Debug;
		};
		79E31B7D252786E00035242E /* Release */ = {
			isa = XCBuildConfiguration;
			baseConfigurationReference = 8AB5A2F8D73CD529E65E92CF /* Pods-StoreApp.release.xcconfig */;
			buildSettings = {
				ASSETCATALOG_COMPILER_APPICON_NAME = AppIcon;
				ASSETCATALOG_COMPILER_GLOBAL_ACCENT_COLOR_NAME = AccentColor;
				CODE_SIGN_STYLE = Automatic;
				DEVELOPMENT_TEAM = 379294YDPQ;
				INFOPLIST_FILE = StoreApp/Supported/Info.plist;
				LD_RUNPATH_SEARCH_PATHS = (
					"$(inherited)",
					"@executable_path/Frameworks",
				);
				PRODUCT_BUNDLE_IDENTIFIER = com.lessons.pattern.StoreApp;
				PRODUCT_NAME = "$(TARGET_NAME)";
				SWIFT_VERSION = 5.0;
				TARGETED_DEVICE_FAMILY = "1,2";
			};
			name = Release;
		};
/* End XCBuildConfiguration section */

/* Begin XCConfigurationList section */
		79E31B5F252786DD0035242E /* Build configuration list for PBXProject "StoreApp" */ = {
			isa = XCConfigurationList;
			buildConfigurations = (
				79E31B79252786E00035242E /* Debug */,
				79E31B7A252786E00035242E /* Release */,
			);
			defaultConfigurationIsVisible = 0;
			defaultConfigurationName = Release;
		};
		79E31B7B252786E00035242E /* Build configuration list for PBXNativeTarget "StoreApp" */ = {
			isa = XCConfigurationList;
			buildConfigurations = (
				79E31B7C252786E00035242E /* Debug */,
				79E31B7D252786E00035242E /* Release */,
			);
			defaultConfigurationIsVisible = 0;
			defaultConfigurationName = Release;
		};
/* End XCConfigurationList section */

/* Begin XCRemoteSwiftPackageReference section */
		79E31B8825278B1B0035242E /* XCRemoteSwiftPackageReference "SwiftKeychainWrapper" */ = {
			isa = XCRemoteSwiftPackageReference;
			repositoryURL = "https://github.com/jrendel/SwiftKeychainWrapper.git";
			requirement = {
				kind = upToNextMajorVersion;
				minimumVersion = 4.0.1;
			};
		};
/* End XCRemoteSwiftPackageReference section */

/* Begin XCSwiftPackageProductDependency section */
		79E31B8925278B1B0035242E /* SwiftKeychainWrapper */ = {
			isa = XCSwiftPackageProductDependency;
			package = 79E31B8825278B1B0035242E /* XCRemoteSwiftPackageReference "SwiftKeychainWrapper" */;
			productName = SwiftKeychainWrapper;
		};
/* End XCSwiftPackageProductDependency section */

/* Begin XCVersionGroup section */
		79E31B70252786DD0035242E /* StoreApp.xcdatamodeld */ = {
			isa = XCVersionGroup;
			children = (
				79E31B71252786DD0035242E /* StoreApp.xcdatamodel */,
			);
			currentVersion = 79E31B71252786DD0035242E /* StoreApp.xcdatamodel */;
			path = StoreApp.xcdatamodeld;
			sourceTree = "<group>";
			versionGroupType = wrapper.xcdatamodel;
		};
/* End XCVersionGroup section */
	};
	rootObject = 79E31B5C252786DD0035242E /* Project object */;
}
